
Microsoft Visual Studio Solution File, Format Version 12.00
# Visual Studio Version 16
VisualStudioVersion = 16.0.31729.503
MinimumVisualStudioVersion = 10.0.40219.1
Project("{FAE04EC0-301F-11D3-BF4B-00C04F79EFBC}") = "NSClient", "NSClient\NSClient.csproj", "{A0437034-2A55-4B9F-AD13-C0834A487C71}"
EndProject
Global
	GlobalSection(SolutionConfigurationPlatforms) = preSolution
		Debug|Any CPU = Debug|Any CPU
		Release|Any CPU = Release|Any CPU
	EndGlobalSection
	GlobalSection(ProjectConfigurationPlatforms) = postSolution
		{A0437034-2A55-4B9F-AD13-C0834A487C71}.Debug|Any CPU.ActiveCfg = Debug|Any CPU
		{A0437034-2A55-4B9F-AD13-C0834A487C71}.Debug|Any CPU.Build.0 = Debug|Any CPU
		{A0437034-2A55-4B9F-AD13-C0834A487C71}.Release|Any CPU.ActiveCfg = Release|Any CPU
		{A0437034-2A55-4B9F-AD13-C0834A487C71}.Release|Any CPU.Build.0 = Release|Any CPU
	EndGlobalSection
	GlobalSection(SolutionProperties) = preSolution
		HideSolutionNode = FALSE
	EndGlobalSection
	GlobalSection(ExtensibilityGlobals) = postSolution
		SolutionGuid = {28D6A513-EE36-4F5B-A1FA-2B7669862F27}
	EndGlobalSection
EndGlobal
