
Microsoft Visual Studio Solution File, Format Version 12.00
# Visual Studio Version 16
VisualStudioVersion = 16.0.31729.503
MinimumVisualStudioVersion = 10.0.40219.1
Project("{FAE04EC0-301F-11D3-BF4B-00C04F79EFBC}") = "XsmlDemo", "XsmlDemo\XsmlDemo.csproj", "{335D707D-8AF8-4A7F-8466-6A372C1C0E99}"
EndProject
Global
	GlobalSection(SolutionConfigurationPlatforms) = preSolution
		Debug|Any CPU = Debug|Any CPU
		Release|Any CPU = Release|Any CPU
	EndGlobalSection
	GlobalSection(ProjectConfigurationPlatforms) = postSolution
		{335D707D-8AF8-4A7F-8466-6A372C1C0E99}.Debug|Any CPU.ActiveCfg = Debug|Any CPU
		{335D707D-8AF8-4A7F-8466-6A372C1C0E99}.Debug|Any CPU.Build.0 = Debug|Any CPU
		{335D707D-8AF8-4A7F-8466-6A372C1C0E99}.Release|Any CPU.ActiveCfg = Release|Any CPU
		{335D707D-8AF8-4A7F-8466-6A372C1C0E99}.Release|Any CPU.Build.0 = Release|Any CPU
	EndGlobalSection
	GlobalSection(SolutionProperties) = preSolution
		HideSolutionNode = FALSE
	EndGlobalSection
	GlobalSection(ExtensibilityGlobals) = postSolution
		SolutionGuid = {5BA49A9B-1573-4471-BC39-83F1E88B0790}
	EndGlobalSection
EndGlobal
