
Microsoft Visual Studio Solution File, Format Version 12.00
# Visual Studio Version 16
VisualStudioVersion = 16.0.31729.503
MinimumVisualStudioVersion = 10.0.40219.1
Project("{FAE04EC0-301F-11D3-BF4B-00C04F79EFBC}") = "SprintTrackerNew", "SprintTrackerNew\SprintTrackerNew.csproj", "{5FC3FCC9-4A8E-4BDD-A9A6-268BFCE9C248}"
EndProject
Global
	GlobalSection(SolutionConfigurationPlatforms) = preSolution
		Debug|Any CPU = Debug|Any CPU
		Release|Any CPU = Release|Any CPU
	EndGlobalSection
	GlobalSection(ProjectConfigurationPlatforms) = postSolution
		{5FC3FCC9-4A8E-4BDD-A9A6-268BFCE9C248}.Debug|Any CPU.ActiveCfg = Debug|Any CPU
		{5FC3FCC9-4A8E-4BDD-A9A6-268BFCE9C248}.Debug|Any CPU.Build.0 = Debug|Any CPU
		{5FC3FCC9-4A8E-4BDD-A9A6-268BFCE9C248}.Release|Any CPU.ActiveCfg = Release|Any CPU
		{5FC3FCC9-4A8E-4BDD-A9A6-268BFCE9C248}.Release|Any CPU.Build.0 = Release|Any CPU
	EndGlobalSection
	GlobalSection(SolutionProperties) = preSolution
		HideSolutionNode = FALSE
	EndGlobalSection
	GlobalSection(ExtensibilityGlobals) = postSolution
		SolutionGuid = {EB07E24C-AC39-49B3-BB82-727AD92824B8}
	EndGlobalSection
EndGlobal
